
Microsoft Visual Studio Solution File, Format Version 12.00
# Visual Studio Version 16
VisualStudioVersion = 16.0.31112.23
MinimumVisualStudioVersion = 10.0.40219.1
Project("{8BC9CEB8-8B4A-11D0-8D11-00A0C91BC942}") = "TosVolume", "TosVolume\TosVolume.vcxproj", "{AF6B6841-3D25-4769-86F2-A4BB36554C5E}"
EndProject
Project("{8BC9CEB8-8B4A-11D0-8D11-00A0C91BC942}") = "toswcx", "toswcx\toswcx.vcxproj", "{75755C20-E6DC-4601-8E47-143B728544EE}"
EndProject
Global
	GlobalSection(SolutionConfigurationPlatforms) = preSolution
		Debug|Win32 = Debug|Win32
		Debug|x64 = Debug|x64
		Release|Win32 = Release|Win32
		Release|x64 = Release|x64
	EndGlobalSection
	GlobalSection(ProjectConfigurationPlatforms) = postSolution
		{AF6B6841-3D25-4769-86F2-A4BB36554C5E}.Debug|Win32.ActiveCfg = Debug|Win32
		{AF6B6841-3D25-4769-86F2-A4BB36554C5E}.Debug|Win32.Build.0 = Debug|Win32
		{AF6B6841-3D25-4769-86F2-A4BB36554C5E}.Debug|x64.ActiveCfg = Debug|x64
		{AF6B6841-3D25-4769-86F2-A4BB36554C5E}.Debug|x64.Build.0 = Debug|x64
		{AF6B6841-3D25-4769-86F2-A4BB36554C5E}.Release|Win32.ActiveCfg = Release|Win32
		{AF6B6841-3D25-4769-86F2-A4BB36554C5E}.Release|Win32.Build.0 = Release|Win32
		{AF6B6841-3D25-4769-86F2-A4BB36554C5E}.Release|x64.ActiveCfg = Release|x64
		{AF6B6841-3D25-4769-86F2-A4BB36554C5E}.Release|x64.Build.0 = Release|x64
		{75755C20-E6DC-4601-8E47-143B728544EE}.Debug|Win32.ActiveCfg = Debug|Win32
		{75755C20-E6DC-4601-8E47-143B728544EE}.Debug|Win32.Build.0 = Debug|Win32
		{75755C20-E6DC-4601-8E47-143B728544EE}.Debug|x64.ActiveCfg = Debug|x64
		{75755C20-E6DC-4601-8E47-143B728544EE}.Debug|x64.Build.0 = Debug|x64
		{75755C20-E6DC-4601-8E47-143B728544EE}.Release|Win32.ActiveCfg = Release|Win32
		{75755C20-E6DC-4601-8E47-143B728544EE}.Release|Win32.Build.0 = Release|Win32
		{75755C20-E6DC-4601-8E47-143B728544EE}.Release|x64.ActiveCfg = Release|x64
		{75755C20-E6DC-4601-8E47-143B728544EE}.Release|x64.Build.0 = Release|x64
	EndGlobalSection
	GlobalSection(SolutionProperties) = preSolution
		HideSolutionNode = FALSE
	EndGlobalSection
	GlobalSection(ExtensibilityGlobals) = postSolution
		SolutionGuid = {12C13E09-2B53-4348-A99D-198BF458BB7A}
	EndGlobalSection
EndGlobal
