
Microsoft Visual Studio Solution File, Format Version 12.00
# Visual Studio Version 16
VisualStudioVersion = 16.0.31112.23
MinimumVisualStudioVersion = 10.0.40219.1
Project("{8BC9CEB8-8B4A-11D0-8D11-00A0C91BC942}") = "test", "test.vcxproj", "{94C844DD-D4D4-49F2-BF28-34F011BD9B15}"
EndProject
Global
	GlobalSection(SolutionConfigurationPlatforms) = preSolution
		Debug|x64 = Debug|x64
		Release|x64 = Release|x64
	EndGlobalSection
	GlobalSection(ProjectConfigurationPlatforms) = postSolution
		{94C844DD-D4D4-49F2-BF28-34F011BD9B15}.Debug|x64.ActiveCfg = Debug|x64
		{94C844DD-D4D4-49F2-BF28-34F011BD9B15}.Debug|x64.Build.0 = Debug|x64
		{94C844DD-D4D4-49F2-BF28-34F011BD9B15}.Release|x64.ActiveCfg = Release|x64
		{94C844DD-D4D4-49F2-BF28-34F011BD9B15}.Release|x64.Build.0 = Release|x64
	EndGlobalSection
	GlobalSection(SolutionProperties) = preSolution
		HideSolutionNode = FALSE
	EndGlobalSection
	GlobalSection(ExtensibilityGlobals) = postSolution
		SolutionGuid = {12C13E09-2B53-4348-A99D-198BF458BB7A}
	EndGlobalSection
EndGlobal
